
Microsoft Visual Studio Solution File, Format Version 12.00
# Visual Studio Version 17
VisualStudioVersion = 17.4.33213.308
MinimumVisualStudioVersion = 10.0.40219.1
Project("{9A19103F-16F7-4668-BE54-9A1E7A4F7556}") = "MilienAPI", "MilienAPI\MilienAPI.csproj", "{5863A075-8DD0-4A05-9487-32D39BE07FB2}"
EndProject
Project("{9A19103F-16F7-4668-BE54-9A1E7A4F7556}") = "IdentityAPI", "IdentityAPI\IdentityAPI.csproj", "{2ECE75C1-F35B-4C81-A931-D8C9192869D4}"
EndProject
Project("{FAE04EC0-301F-11D3-BF4B-00C04F79EFBC}") = "ServiceAPI", "ServiceAPI\ServiceAPI.csproj", "{2092F94E-5B80-4A45-A6C8-392F118571FF}"
EndProject
Global
	GlobalSection(SolutionConfigurationPlatforms) = preSolution
		Debug|Any CPU = Debug|Any CPU
		Release|Any CPU = Release|Any CPU
	EndGlobalSection
	GlobalSection(ProjectConfigurationPlatforms) = postSolution
		{5863A075-8DD0-4A05-9487-32D39BE07FB2}.Debug|Any CPU.ActiveCfg = Debug|Any CPU
		{5863A075-8DD0-4A05-9487-32D39BE07FB2}.Debug|Any CPU.Build.0 = Debug|Any CPU
		{5863A075-8DD0-4A05-9487-32D39BE07FB2}.Release|Any CPU.ActiveCfg = Release|Any CPU
		{5863A075-8DD0-4A05-9487-32D39BE07FB2}.Release|Any CPU.Build.0 = Release|Any CPU
		{2ECE75C1-F35B-4C81-A931-D8C9192869D4}.Debug|Any CPU.ActiveCfg = Debug|Any CPU
		{2ECE75C1-F35B-4C81-A931-D8C9192869D4}.Debug|Any CPU.Build.0 = Debug|Any CPU
		{2ECE75C1-F35B-4C81-A931-D8C9192869D4}.Release|Any CPU.ActiveCfg = Release|Any CPU
		{2ECE75C1-F35B-4C81-A931-D8C9192869D4}.Release|Any CPU.Build.0 = Release|Any CPU
		{2092F94E-5B80-4A45-A6C8-392F118571FF}.Debug|Any CPU.ActiveCfg = Debug|Any CPU
		{2092F94E-5B80-4A45-A6C8-392F118571FF}.Debug|Any CPU.Build.0 = Debug|Any CPU
		{2092F94E-5B80-4A45-A6C8-392F118571FF}.Release|Any CPU.ActiveCfg = Release|Any CPU
		{2092F94E-5B80-4A45-A6C8-392F118571FF}.Release|Any CPU.Build.0 = Release|Any CPU
	EndGlobalSection
	GlobalSection(SolutionProperties) = preSolution
		HideSolutionNode = FALSE
	EndGlobalSection
	GlobalSection(ExtensibilityGlobals) = postSolution
		SolutionGuid = {9ADAE59C-A511-4250-9354-1D669DA36EBC}
	EndGlobalSection
EndGlobal
